<?xml version="1.0" encoding="utf-8"?>
<Project ToolsVersion="4.0" xmlns="http://schemas.microsoft.com/developer/msbuild/2003">
  <ItemGroup>
    <ClCompile Include="Demo.cpp">
      <Filter>Source Files</Filter>
    </ClCompile>
    <ClCompile Include="Game.cpp">
      <Filter>Source Files</Filter>
    </ClCompile>
    <ClCompile Include="Text.cpp">
      <Filter>Source Files</Filter>
    </ClCompile>
    <ClCompile Include="Button.cpp">
      <Filter>Source Files</Filter>
    </ClCompile>
    <ClCompile Include="Collision.cpp">
      <Filter>Source Files</Filter>
    </ClCompile>
    <ClCompile Include="Food.cpp">
      <Filter>Source Files</Filter>
    </ClCompile>
    <ClCompile Include="Obstacle.cpp">
      <Filter>Source Files</Filter>
    </ClCompile>
    <ClCompile Include="Player.cpp">
      <Filter>Source Files</Filter>
    </ClCompile>
    <ClCompile Include="Wall.cpp">
      <Filter>Source Files</Filter>
    </ClCompile>
  </ItemGroup>
  <ItemGroup>
    <ClInclude Include="Demo2.h">
      <Filter>Header Files</Filter>
    </ClInclude>
    <ClInclude Include="Game2.h">
      <Filter>Header Files</Filter>
    </ClInclude>
  </ItemGroup>
  <ItemGroup>
    <Image Include="..\..\..\button_exit.png">
      <Filter>Resource Files</Filter>
    </Image>
    <Image Include="..\..\..\button_exit_hover.png">
      <Filter>Resource Files</Filter>
    </Image>
    <Image Include="..\..\..\button_start.png">
      <Filter>Resource Files</Filter>
    </Image>
    <Image Include="..\..\..\button_start_hover.png">
      <Filter>Resource Files</Filter>
    </Image>
    <Image Include="anim45.png">
      <Filter>Resource Files</Filter>
    </Image>
    <Image Include="wall.png">
      <Filter>Resource Files</Filter>
    </Image>
    <Image Include="door.png">
      <Filter>Resource Files</Filter>
    </Image>
    <Image Include="foodch.png">
      <Filter>Resource Files</Filter>
    </Image>
  </ItemGroup>
  <ItemGroup>
    <Font Include="..\..\..\zorque.ttf">
      <Filter>Resource Files</Filter>
    </Font>
  </ItemGroup>
  <ItemGroup>
    <None Include="shader.frag">
      <Filter>Resource Files</Filter>
    </None>
    <None Include="shader.vert">
      <Filter>Resource Files</Filter>
    </None>
    <None Include="playerSprite.frag">
      <Filter>Resource Files</Filter>
    </None>
    <None Include="playerSprite.vert">
      <Filter>Resource Files</Filter>
    </None>
    <None Include="objSprite.frag">
      <Filter>Resource Files</Filter>
    </None>
    <None Include="objSprite.vert">
      <Filter>Resource Files</Filter>
    </None>
  </ItemGroup>
  <ItemGroup>
    <Filter Include="Header Files">
      <UniqueIdentifier>{8c64eda1-d9b6-44ac-ba14-2171b56627d6}</UniqueIdentifier>
    </Filter>
    <Filter Include="Source Files">
      <UniqueIdentifier>{230d1776-ed0b-4d91-819e-50ca353a4fc5}</UniqueIdentifier>
    </Filter>
    <Filter Include="Resource Files">
      <UniqueIdentifier>{255e88d5-914f-4abf-b07b-22d3c53b16f8}</UniqueIdentifier>
    </Filter>
  </ItemGroup>
</Project>